
Microsoft Visual Studio Solution File, Format Version 12.00
# Visual Studio Version 17
VisualStudioVersion = 17.14.36408.4
MinimumVisualStudioVersion = 10.0.40219.1
Project("{2150E333-8FDC-42A3-9474-1A3956D46DE8}") = "Core", "Core", "{02EA681E-C7D8-13C7-8484-4AC65E1B71E8}"
EndProject
Project("{2150E333-8FDC-42A3-9474-1A3956D46DE8}") = "Infrastructure", "Infrastructure", "{4B2F5806-1ABE-463D-B6B4-0FA39D0E2B15}"
EndProject
Project("{2150E333-8FDC-42A3-9474-1A3956D46DE8}") = "Presentation", "Presentation", "{9F8893CB-06DC-47F7-82A4-8DE132499977}"
EndProject
Project("{FAE04EC0-301F-11D3-BF4B-00C04F79EFBC}") = "MovieApi.Domain", "Core\MovieApi.Domain\MovieApi.Domain.csproj", "{38E084B4-F271-4383-8E46-84873B3590F9}"
EndProject
Project("{2150E333-8FDC-42A3-9474-1A3956D46DE8}") = "Requirements", "Requirements", "{0A93C22C-135F-42D9-A66D-29E31714FF63}"
EndProject
Project("{2150E333-8FDC-42A3-9474-1A3956D46DE8}") = "Frontends", "Frontends", "{52C216F0-E7C5-4B9E-9F84-7EF91777B38D}"
EndProject
Project("{FAE04EC0-301F-11D3-BF4B-00C04F79EFBC}") = "MovieApi.Persistence", "Infrastructure\MovieApi.Persistence\MovieApi.Persistence.csproj", "{4089B828-0A99-4DFE-8258-00ED97065FB0}"
EndProject
Project("{FAE04EC0-301F-11D3-BF4B-00C04F79EFBC}") = "MovieApi.API", "Presentation\MovieApi.API\MovieApi.API.csproj", "{37125ACA-9310-4F44-919B-EB893844E3D5}"
EndProject
Global
	GlobalSection(SolutionConfigurationPlatforms) = preSolution
		Debug|Any CPU = Debug|Any CPU
		Release|Any CPU = Release|Any CPU
	EndGlobalSection
	GlobalSection(ProjectConfigurationPlatforms) = postSolution
		{38E084B4-F271-4383-8E46-84873B3590F9}.Debug|Any CPU.ActiveCfg = Debug|Any CPU
		{38E084B4-F271-4383-8E46-84873B3590F9}.Debug|Any CPU.Build.0 = Debug|Any CPU
		{38E084B4-F271-4383-8E46-84873B3590F9}.Release|Any CPU.ActiveCfg = Release|Any CPU
		{38E084B4-F271-4383-8E46-84873B3590F9}.Release|Any CPU.Build.0 = Release|Any CPU
		{4089B828-0A99-4DFE-8258-00ED97065FB0}.Debug|Any CPU.ActiveCfg = Debug|Any CPU
		{4089B828-0A99-4DFE-8258-00ED97065FB0}.Debug|Any CPU.Build.0 = Debug|Any CPU
		{4089B828-0A99-4DFE-8258-00ED97065FB0}.Release|Any CPU.ActiveCfg = Release|Any CPU
		{4089B828-0A99-4DFE-8258-00ED97065FB0}.Release|Any CPU.Build.0 = Release|Any CPU
		{37125ACA-9310-4F44-919B-EB893844E3D5}.Debug|Any CPU.ActiveCfg = Debug|Any CPU
		{37125ACA-9310-4F44-919B-EB893844E3D5}.Debug|Any CPU.Build.0 = Debug|Any CPU
		{37125ACA-9310-4F44-919B-EB893844E3D5}.Release|Any CPU.ActiveCfg = Release|Any CPU
		{37125ACA-9310-4F44-919B-EB893844E3D5}.Release|Any CPU.Build.0 = Release|Any CPU
	EndGlobalSection
	GlobalSection(SolutionProperties) = preSolution
		HideSolutionNode = FALSE
	EndGlobalSection
	GlobalSection(NestedProjects) = preSolution
		{38E084B4-F271-4383-8E46-84873B3590F9} = {02EA681E-C7D8-13C7-8484-4AC65E1B71E8}
		{4089B828-0A99-4DFE-8258-00ED97065FB0} = {4B2F5806-1ABE-463D-B6B4-0FA39D0E2B15}
		{37125ACA-9310-4F44-919B-EB893844E3D5} = {9F8893CB-06DC-47F7-82A4-8DE132499977}
	EndGlobalSection
	GlobalSection(ExtensibilityGlobals) = postSolution
		SolutionGuid = {9C44CF4F-2A72-4048-A78C-AA6B1CB562A1}
	EndGlobalSection
EndGlobal
